
Microsoft Visual Studio Solution File, Format Version 12.00
Project("{FAE04EC0-301F-11D3-BF4B-00C04F79EFBC}") = "Ansight.Core", "Ansight.Core\Ansight.Core.csproj", "{9A1396F7-6291-414E-A735-0CEBC5BDAEA2}"
EndProject
Project("{FAE04EC0-301F-11D3-BF4B-00C04F79EFBC}") = "Ansight.Build", "Ansight.Build\Ansight.Build.csproj", "{01335581-CA9F-41CE-B4A4-BF74AA7F66CD}"
EndProject
Project("{FAE04EC0-301F-11D3-BF4B-00C04F79EFBC}") = "Ansight.Tools.VisualTree", "Ansight.Tools.VisualTree\Ansight.Tools.VisualTree.csproj", "{928B64AA-9422-4E97-8E2E-367227F2A909}"
EndProject
Project("{FAE04EC0-301F-11D3-BF4B-00C04F79EFBC}") = "Ansight.Tools.Database", "Ansight.Tools.Database\Ansight.Tools.Database.csproj", "{4C557366-7924-446B-92CF-2A146257D786}"
EndProject
Project("{FAE04EC0-301F-11D3-BF4B-00C04F79EFBC}") = "Ansight.Tools.FileSystem", "Ansight.Tools.FileSystem\Ansight.Tools.FileSystem.csproj", "{0278DFE7-39AA-49AC-8D14-1DA8D5C6BDCF}"
EndProject
Project("{2150E333-8FDC-42A3-9474-1A3956D46DE8}") = "tests", "tests", "{0AB3BF05-4346-4AA6-1389-037BE0695223}"
EndProject
Project("{FAE04EC0-301F-11D3-BF4B-00C04F79EFBC}") = "Ansight.UnitTests", "tests\Ansight.UnitTests\Ansight.UnitTests.csproj", "{16DD0337-0E9B-44A9-AC6E-6DE180588EDD}"
EndProject
Project("{FAE04EC0-301F-11D3-BF4B-00C04F79EFBC}") = "Ansight.IntegrationTests", "tests\Ansight.IntegrationTests\Ansight.IntegrationTests.csproj", "{4CC2078E-C632-42FC-B899-E7420B3C6DE9}"
EndProject
Project("{FAE04EC0-301F-11D3-BF4B-00C04F79EFBC}") = "Ansight.Tools.Preferences", "Ansight.Tools.Preferences\Ansight.Tools.Preferences.csproj", "{6183CA20-18AC-418F-BCD8-CA337399BC0F}"
EndProject
Project("{FAE04EC0-301F-11D3-BF4B-00C04F79EFBC}") = "Ansight.Tools.SecureStorage", "Ansight.Tools.SecureStorage\Ansight.Tools.SecureStorage.csproj", "{C6CADF64-F903-4FE0-AA1E-AE568888AE99}"
EndProject
Project("{FAE04EC0-301F-11D3-BF4B-00C04F79EFBC}") = "Ansight.Tools.Reflection", "Ansight.Tools.Reflection\Ansight.Tools.Reflection.csproj", "{F9B4B67F-34E2-48CF-B3CB-EF32A3C6047D}"
EndProject
Project("{FAE04EC0-301F-11D3-BF4B-00C04F79EFBC}") = "Ansight.Pairing", "Ansight.Pairing\Ansight.Pairing.csproj", "{B26FC768-5D16-460F-9A51-24F554C2753D}"
EndProject
Project("{FAE04EC0-301F-11D3-BF4B-00C04F79EFBC}") = "Ansight.Tools.Maui", "Ansight.Tools.Maui\Ansight.Tools.Maui.csproj", "{BD4455AA-5E2B-4257-BCD6-B8AA4CAF2781}"
EndProject
Project("{FAE04EC0-301F-11D3-BF4B-00C04F79EFBC}") = "Ansight", "Ansight\Ansight.csproj", "{FF7785B0-A5B1-4F95-BD07-47A4490CB3A7}"
EndProject
Project("{FAE04EC0-301F-11D3-BF4B-00C04F79EFBC}") = "Ansight.Maui", "Ansight.Maui\Ansight.Maui.csproj", "{DEBAC897-7A47-491E-8E16-C69172678055}"
EndProject
Global
	GlobalSection(SolutionConfigurationPlatforms) = preSolution
		Debug|Any CPU = Debug|Any CPU
		Debug|x64 = Debug|x64
		Debug|x86 = Debug|x86
		Release|Any CPU = Release|Any CPU
		Release|x64 = Release|x64
		Release|x86 = Release|x86
	EndGlobalSection
	GlobalSection(ProjectConfigurationPlatforms) = postSolution
		{9A1396F7-6291-414E-A735-0CEBC5BDAEA2}.Debug|Any CPU.ActiveCfg = Debug|Any CPU
		{9A1396F7-6291-414E-A735-0CEBC5BDAEA2}.Debug|Any CPU.Build.0 = Debug|Any CPU
		{9A1396F7-6291-414E-A735-0CEBC5BDAEA2}.Debug|x64.ActiveCfg = Debug|Any CPU
		{9A1396F7-6291-414E-A735-0CEBC5BDAEA2}.Debug|x64.Build.0 = Debug|Any CPU
		{9A1396F7-6291-414E-A735-0CEBC5BDAEA2}.Debug|x86.ActiveCfg = Debug|Any CPU
		{9A1396F7-6291-414E-A735-0CEBC5BDAEA2}.Debug|x86.Build.0 = Debug|Any CPU
		{9A1396F7-6291-414E-A735-0CEBC5BDAEA2}.Release|Any CPU.ActiveCfg = Release|Any CPU
		{9A1396F7-6291-414E-A735-0CEBC5BDAEA2}.Release|Any CPU.Build.0 = Release|Any CPU
		{9A1396F7-6291-414E-A735-0CEBC5BDAEA2}.Release|x64.ActiveCfg = Release|Any CPU
		{9A1396F7-6291-414E-A735-0CEBC5BDAEA2}.Release|x64.Build.0 = Release|Any CPU
		{9A1396F7-6291-414E-A735-0CEBC5BDAEA2}.Release|x86.ActiveCfg = Release|Any CPU
		{9A1396F7-6291-414E-A735-0CEBC5BDAEA2}.Release|x86.Build.0 = Release|Any CPU
		{01335581-CA9F-41CE-B4A4-BF74AA7F66CD}.Debug|Any CPU.ActiveCfg = Debug|Any CPU
		{01335581-CA9F-41CE-B4A4-BF74AA7F66CD}.Debug|Any CPU.Build.0 = Debug|Any CPU
		{01335581-CA9F-41CE-B4A4-BF74AA7F66CD}.Debug|x64.ActiveCfg = Debug|Any CPU
		{01335581-CA9F-41CE-B4A4-BF74AA7F66CD}.Debug|x64.Build.0 = Debug|Any CPU
		{01335581-CA9F-41CE-B4A4-BF74AA7F66CD}.Debug|x86.ActiveCfg = Debug|Any CPU
		{01335581-CA9F-41CE-B4A4-BF74AA7F66CD}.Debug|x86.Build.0 = Debug|Any CPU
		{01335581-CA9F-41CE-B4A4-BF74AA7F66CD}.Release|Any CPU.ActiveCfg = Release|Any CPU
		{01335581-CA9F-41CE-B4A4-BF74AA7F66CD}.Release|Any CPU.Build.0 = Release|Any CPU
		{01335581-CA9F-41CE-B4A4-BF74AA7F66CD}.Release|x64.ActiveCfg = Release|Any CPU
		{01335581-CA9F-41CE-B4A4-BF74AA7F66CD}.Release|x64.Build.0 = Release|Any CPU
		{01335581-CA9F-41CE-B4A4-BF74AA7F66CD}.Release|x86.ActiveCfg = Release|Any CPU
		{01335581-CA9F-41CE-B4A4-BF74AA7F66CD}.Release|x86.Build.0 = Release|Any CPU
		{928B64AA-9422-4E97-8E2E-367227F2A909}.Debug|Any CPU.ActiveCfg = Debug|Any CPU
		{928B64AA-9422-4E97-8E2E-367227F2A909}.Debug|Any CPU.Build.0 = Debug|Any CPU
		{928B64AA-9422-4E97-8E2E-367227F2A909}.Debug|x64.ActiveCfg = Debug|Any CPU
		{928B64AA-9422-4E97-8E2E-367227F2A909}.Debug|x64.Build.0 = Debug|Any CPU
		{928B64AA-9422-4E97-8E2E-367227F2A909}.Debug|x86.ActiveCfg = Debug|Any CPU
		{928B64AA-9422-4E97-8E2E-367227F2A909}.Debug|x86.Build.0 = Debug|Any CPU
		{928B64AA-9422-4E97-8E2E-367227F2A909}.Release|Any CPU.ActiveCfg = Release|Any CPU
		{928B64AA-9422-4E97-8E2E-367227F2A909}.Release|Any CPU.Build.0 = Release|Any CPU
		{928B64AA-9422-4E97-8E2E-367227F2A909}.Release|x64.ActiveCfg = Release|Any CPU
		{928B64AA-9422-4E97-8E2E-367227F2A909}.Release|x64.Build.0 = Release|Any CPU
		{928B64AA-9422-4E97-8E2E-367227F2A909}.Release|x86.ActiveCfg = Release|Any CPU
		{928B64AA-9422-4E97-8E2E-367227F2A909}.Release|x86.Build.0 = Release|Any CPU
		{4C557366-7924-446B-92CF-2A146257D786}.Debug|Any CPU.ActiveCfg = Debug|Any CPU
		{4C557366-7924-446B-92CF-2A146257D786}.Debug|Any CPU.Build.0 = Debug|Any CPU
		{4C557366-7924-446B-92CF-2A146257D786}.Debug|x64.ActiveCfg = Debug|Any CPU
		{4C557366-7924-446B-92CF-2A146257D786}.Debug|x64.Build.0 = Debug|Any CPU
		{4C557366-7924-446B-92CF-2A146257D786}.Debug|x86.ActiveCfg = Debug|Any CPU
		{4C557366-7924-446B-92CF-2A146257D786}.Debug|x86.Build.0 = Debug|Any CPU
		{4C557366-7924-446B-92CF-2A146257D786}.Release|Any CPU.ActiveCfg = Release|Any CPU
		{4C557366-7924-446B-92CF-2A146257D786}.Release|Any CPU.Build.0 = Release|Any CPU
		{4C557366-7924-446B-92CF-2A146257D786}.Release|x64.ActiveCfg = Release|Any CPU
		{4C557366-7924-446B-92CF-2A146257D786}.Release|x64.Build.0 = Release|Any CPU
		{4C557366-7924-446B-92CF-2A146257D786}.Release|x86.ActiveCfg = Release|Any CPU
		{4C557366-7924-446B-92CF-2A146257D786}.Release|x86.Build.0 = Release|Any CPU
		{0278DFE7-39AA-49AC-8D14-1DA8D5C6BDCF}.Debug|Any CPU.ActiveCfg = Debug|Any CPU
		{0278DFE7-39AA-49AC-8D14-1DA8D5C6BDCF}.Debug|Any CPU.Build.0 = Debug|Any CPU
		{0278DFE7-39AA-49AC-8D14-1DA8D5C6BDCF}.Debug|x64.ActiveCfg = Debug|Any CPU
		{0278DFE7-39AA-49AC-8D14-1DA8D5C6BDCF}.Debug|x64.Build.0 = Debug|Any CPU
		{0278DFE7-39AA-49AC-8D14-1DA8D5C6BDCF}.Debug|x86.ActiveCfg = Debug|Any CPU
		{0278DFE7-39AA-49AC-8D14-1DA8D5C6BDCF}.Debug|x86.Build.0 = Debug|Any CPU
		{0278DFE7-39AA-49AC-8D14-1DA8D5C6BDCF}.Release|Any CPU.ActiveCfg = Release|Any CPU
		{0278DFE7-39AA-49AC-8D14-1DA8D5C6BDCF}.Release|Any CPU.Build.0 = Release|Any CPU
		{0278DFE7-39AA-49AC-8D14-1DA8D5C6BDCF}.Release|x64.ActiveCfg = Release|Any CPU
		{0278DFE7-39AA-49AC-8D14-1DA8D5C6BDCF}.Release|x64.Build.0 = Release|Any CPU
		{0278DFE7-39AA-49AC-8D14-1DA8D5C6BDCF}.Release|x86.ActiveCfg = Release|Any CPU
		{0278DFE7-39AA-49AC-8D14-1DA8D5C6BDCF}.Release|x86.Build.0 = Release|Any CPU
		{16DD0337-0E9B-44A9-AC6E-6DE180588EDD}.Debug|Any CPU.ActiveCfg = Debug|Any CPU
		{16DD0337-0E9B-44A9-AC6E-6DE180588EDD}.Debug|Any CPU.Build.0 = Debug|Any CPU
		{16DD0337-0E9B-44A9-AC6E-6DE180588EDD}.Debug|x64.ActiveCfg = Debug|Any CPU
		{16DD0337-0E9B-44A9-AC6E-6DE180588EDD}.Debug|x64.Build.0 = Debug|Any CPU
		{16DD0337-0E9B-44A9-AC6E-6DE180588EDD}.Debug|x86.ActiveCfg = Debug|Any CPU
		{16DD0337-0E9B-44A9-AC6E-6DE180588EDD}.Debug|x86.Build.0 = Debug|Any CPU
		{16DD0337-0E9B-44A9-AC6E-6DE180588EDD}.Release|Any CPU.ActiveCfg = Release|Any CPU
		{16DD0337-0E9B-44A9-AC6E-6DE180588EDD}.Release|Any CPU.Build.0 = Release|Any CPU
		{16DD0337-0E9B-44A9-AC6E-6DE180588EDD}.Release|x64.ActiveCfg = Release|Any CPU
		{16DD0337-0E9B-44A9-AC6E-6DE180588EDD}.Release|x64.Build.0 = Release|Any CPU
		{16DD0337-0E9B-44A9-AC6E-6DE180588EDD}.Release|x86.ActiveCfg = Release|Any CPU
		{16DD0337-0E9B-44A9-AC6E-6DE180588EDD}.Release|x86.Build.0 = Release|Any CPU
		{4CC2078E-C632-42FC-B899-E7420B3C6DE9}.Debug|Any CPU.ActiveCfg = Debug|Any CPU
		{4CC2078E-C632-42FC-B899-E7420B3C6DE9}.Debug|Any CPU.Build.0 = Debug|Any CPU
		{4CC2078E-C632-42FC-B899-E7420B3C6DE9}.Debug|x64.ActiveCfg = Debug|Any CPU
		{4CC2078E-C632-42FC-B899-E7420B3C6DE9}.Debug|x64.Build.0 = Debug|Any CPU
		{4CC2078E-C632-42FC-B899-E7420B3C6DE9}.Debug|x86.ActiveCfg = Debug|Any CPU
		{4CC2078E-C632-42FC-B899-E7420B3C6DE9}.Debug|x86.Build.0 = Debug|Any CPU
		{4CC2078E-C632-42FC-B899-E7420B3C6DE9}.Release|Any CPU.ActiveCfg = Release|Any CPU
		{4CC2078E-C632-42FC-B899-E7420B3C6DE9}.Release|Any CPU.Build.0 = Release|Any CPU
		{4CC2078E-C632-42FC-B899-E7420B3C6DE9}.Release|x64.ActiveCfg = Release|Any CPU
		{4CC2078E-C632-42FC-B899-E7420B3C6DE9}.Release|x64.Build.0 = Release|Any CPU
		{4CC2078E-C632-42FC-B899-E7420B3C6DE9}.Release|x86.ActiveCfg = Release|Any CPU
		{4CC2078E-C632-42FC-B899-E7420B3C6DE9}.Release|x86.Build.0 = Release|Any CPU
		{6183CA20-18AC-418F-BCD8-CA337399BC0F}.Debug|Any CPU.ActiveCfg = Debug|Any CPU
		{6183CA20-18AC-418F-BCD8-CA337399BC0F}.Debug|Any CPU.Build.0 = Debug|Any CPU
		{6183CA20-18AC-418F-BCD8-CA337399BC0F}.Debug|x64.ActiveCfg = Debug|Any CPU
		{6183CA20-18AC-418F-BCD8-CA337399BC0F}.Debug|x64.Build.0 = Debug|Any CPU
		{6183CA20-18AC-418F-BCD8-CA337399BC0F}.Debug|x86.ActiveCfg = Debug|Any CPU
		{6183CA20-18AC-418F-BCD8-CA337399BC0F}.Debug|x86.Build.0 = Debug|Any CPU
		{6183CA20-18AC-418F-BCD8-CA337399BC0F}.Release|Any CPU.ActiveCfg = Release|Any CPU
		{6183CA20-18AC-418F-BCD8-CA337399BC0F}.Release|Any CPU.Build.0 = Release|Any CPU
		{6183CA20-18AC-418F-BCD8-CA337399BC0F}.Release|x64.ActiveCfg = Release|Any CPU
		{6183CA20-18AC-418F-BCD8-CA337399BC0F}.Release|x64.Build.0 = Release|Any CPU
		{6183CA20-18AC-418F-BCD8-CA337399BC0F}.Release|x86.ActiveCfg = Release|Any CPU
		{6183CA20-18AC-418F-BCD8-CA337399BC0F}.Release|x86.Build.0 = Release|Any CPU
		{C6CADF64-F903-4FE0-AA1E-AE568888AE99}.Debug|Any CPU.ActiveCfg = Debug|Any CPU
		{C6CADF64-F903-4FE0-AA1E-AE568888AE99}.Debug|Any CPU.Build.0 = Debug|Any CPU
		{C6CADF64-F903-4FE0-AA1E-AE568888AE99}.Debug|x64.ActiveCfg = Debug|Any CPU
		{C6CADF64-F903-4FE0-AA1E-AE568888AE99}.Debug|x64.Build.0 = Debug|Any CPU
		{C6CADF64-F903-4FE0-AA1E-AE568888AE99}.Debug|x86.ActiveCfg = Debug|Any CPU
		{C6CADF64-F903-4FE0-AA1E-AE568888AE99}.Debug|x86.Build.0 = Debug|Any CPU
		{C6CADF64-F903-4FE0-AA1E-AE568888AE99}.Release|Any CPU.ActiveCfg = Release|Any CPU
		{C6CADF64-F903-4FE0-AA1E-AE568888AE99}.Release|Any CPU.Build.0 = Release|Any CPU
		{C6CADF64-F903-4FE0-AA1E-AE568888AE99}.Release|x64.ActiveCfg = Release|Any CPU
		{C6CADF64-F903-4FE0-AA1E-AE568888AE99}.Release|x64.Build.0 = Release|Any CPU
		{C6CADF64-F903-4FE0-AA1E-AE568888AE99}.Release|x86.ActiveCfg = Release|Any CPU
		{C6CADF64-F903-4FE0-AA1E-AE568888AE99}.Release|x86.Build.0 = Release|Any CPU
		{F9B4B67F-34E2-48CF-B3CB-EF32A3C6047D}.Debug|Any CPU.ActiveCfg = Debug|Any CPU
		{F9B4B67F-34E2-48CF-B3CB-EF32A3C6047D}.Debug|Any CPU.Build.0 = Debug|Any CPU
		{F9B4B67F-34E2-48CF-B3CB-EF32A3C6047D}.Debug|x64.ActiveCfg = Debug|Any CPU
		{F9B4B67F-34E2-48CF-B3CB-EF32A3C6047D}.Debug|x64.Build.0 = Debug|Any CPU
		{F9B4B67F-34E2-48CF-B3CB-EF32A3C6047D}.Debug|x86.ActiveCfg = Debug|Any CPU
		{F9B4B67F-34E2-48CF-B3CB-EF32A3C6047D}.Debug|x86.Build.0 = Debug|Any CPU
		{F9B4B67F-34E2-48CF-B3CB-EF32A3C6047D}.Release|Any CPU.ActiveCfg = Release|Any CPU
		{F9B4B67F-34E2-48CF-B3CB-EF32A3C6047D}.Release|Any CPU.Build.0 = Release|Any CPU
		{F9B4B67F-34E2-48CF-B3CB-EF32A3C6047D}.Release|x64.ActiveCfg = Release|Any CPU
		{F9B4B67F-34E2-48CF-B3CB-EF32A3C6047D}.Release|x64.Build.0 = Release|Any CPU
		{F9B4B67F-34E2-48CF-B3CB-EF32A3C6047D}.Release|x86.ActiveCfg = Release|Any CPU
		{F9B4B67F-34E2-48CF-B3CB-EF32A3C6047D}.Release|x86.Build.0 = Release|Any CPU
		{B26FC768-5D16-460F-9A51-24F554C2753D}.Debug|Any CPU.ActiveCfg = Debug|Any CPU
		{B26FC768-5D16-460F-9A51-24F554C2753D}.Debug|Any CPU.Build.0 = Debug|Any CPU
		{B26FC768-5D16-460F-9A51-24F554C2753D}.Debug|x64.ActiveCfg = Debug|Any CPU
		{B26FC768-5D16-460F-9A51-24F554C2753D}.Debug|x64.Build.0 = Debug|Any CPU
		{B26FC768-5D16-460F-9A51-24F554C2753D}.Debug|x86.ActiveCfg = Debug|Any CPU
		{B26FC768-5D16-460F-9A51-24F554C2753D}.Debug|x86.Build.0 = Debug|Any CPU
		{B26FC768-5D16-460F-9A51-24F554C2753D}.Release|Any CPU.ActiveCfg = Release|Any CPU
		{B26FC768-5D16-460F-9A51-24F554C2753D}.Release|Any CPU.Build.0 = Release|Any CPU
		{B26FC768-5D16-460F-9A51-24F554C2753D}.Release|x64.ActiveCfg = Release|Any CPU
		{B26FC768-5D16-460F-9A51-24F554C2753D}.Release|x64.Build.0 = Release|Any CPU
		{B26FC768-5D16-460F-9A51-24F554C2753D}.Release|x86.ActiveCfg = Release|Any CPU
		{B26FC768-5D16-460F-9A51-24F554C2753D}.Release|x86.Build.0 = Release|Any CPU
		{BD4455AA-5E2B-4257-BCD6-B8AA4CAF2781}.Debug|Any CPU.ActiveCfg = Debug|Any CPU
		{BD4455AA-5E2B-4257-BCD6-B8AA4CAF2781}.Debug|Any CPU.Build.0 = Debug|Any CPU
		{BD4455AA-5E2B-4257-BCD6-B8AA4CAF2781}.Debug|x64.ActiveCfg = Debug|Any CPU
		{BD4455AA-5E2B-4257-BCD6-B8AA4CAF2781}.Debug|x64.Build.0 = Debug|Any CPU
		{BD4455AA-5E2B-4257-BCD6-B8AA4CAF2781}.Debug|x86.ActiveCfg = Debug|Any CPU
		{BD4455AA-5E2B-4257-BCD6-B8AA4CAF2781}.Debug|x86.Build.0 = Debug|Any CPU
		{BD4455AA-5E2B-4257-BCD6-B8AA4CAF2781}.Release|Any CPU.ActiveCfg = Release|Any CPU
		{BD4455AA-5E2B-4257-BCD6-B8AA4CAF2781}.Release|Any CPU.Build.0 = Release|Any CPU
		{BD4455AA-5E2B-4257-BCD6-B8AA4CAF2781}.Release|x64.ActiveCfg = Release|Any CPU
		{BD4455AA-5E2B-4257-BCD6-B8AA4CAF2781}.Release|x64.Build.0 = Release|Any CPU
		{BD4455AA-5E2B-4257-BCD6-B8AA4CAF2781}.Release|x86.ActiveCfg = Release|Any CPU
		{BD4455AA-5E2B-4257-BCD6-B8AA4CAF2781}.Release|x86.Build.0 = Release|Any CPU
		{FF7785B0-A5B1-4F95-BD07-47A4490CB3A7}.Debug|Any CPU.ActiveCfg = Debug|Any CPU
		{FF7785B0-A5B1-4F95-BD07-47A4490CB3A7}.Debug|Any CPU.Build.0 = Debug|Any CPU
		{FF7785B0-A5B1-4F95-BD07-47A4490CB3A7}.Debug|x64.ActiveCfg = Debug|Any CPU
		{FF7785B0-A5B1-4F95-BD07-47A4490CB3A7}.Debug|x64.Build.0 = Debug|Any CPU
		{FF7785B0-A5B1-4F95-BD07-47A4490CB3A7}.Debug|x86.ActiveCfg = Debug|Any CPU
		{FF7785B0-A5B1-4F95-BD07-47A4490CB3A7}.Debug|x86.Build.0 = Debug|Any CPU
		{FF7785B0-A5B1-4F95-BD07-47A4490CB3A7}.Release|Any CPU.ActiveCfg = Release|Any CPU
		{FF7785B0-A5B1-4F95-BD07-47A4490CB3A7}.Release|Any CPU.Build.0 = Release|Any CPU
		{FF7785B0-A5B1-4F95-BD07-47A4490CB3A7}.Release|x64.ActiveCfg = Release|Any CPU
		{FF7785B0-A5B1-4F95-BD07-47A4490CB3A7}.Release|x64.Build.0 = Release|Any CPU
		{FF7785B0-A5B1-4F95-BD07-47A4490CB3A7}.Release|x86.ActiveCfg = Release|Any CPU
		{FF7785B0-A5B1-4F95-BD07-47A4490CB3A7}.Release|x86.Build.0 = Release|Any CPU
		{DEBAC897-7A47-491E-8E16-C69172678055}.Debug|Any CPU.ActiveCfg = Debug|Any CPU
		{DEBAC897-7A47-491E-8E16-C69172678055}.Debug|Any CPU.Build.0 = Debug|Any CPU
		{DEBAC897-7A47-491E-8E16-C69172678055}.Debug|x64.ActiveCfg = Debug|Any CPU
		{DEBAC897-7A47-491E-8E16-C69172678055}.Debug|x64.Build.0 = Debug|Any CPU
		{DEBAC897-7A47-491E-8E16-C69172678055}.Debug|x86.ActiveCfg = Debug|Any CPU
		{DEBAC897-7A47-491E-8E16-C69172678055}.Debug|x86.Build.0 = Debug|Any CPU
		{DEBAC897-7A47-491E-8E16-C69172678055}.Release|Any CPU.ActiveCfg = Release|Any CPU
		{DEBAC897-7A47-491E-8E16-C69172678055}.Release|Any CPU.Build.0 = Release|Any CPU
		{DEBAC897-7A47-491E-8E16-C69172678055}.Release|x64.ActiveCfg = Release|Any CPU
		{DEBAC897-7A47-491E-8E16-C69172678055}.Release|x64.Build.0 = Release|Any CPU
		{DEBAC897-7A47-491E-8E16-C69172678055}.Release|x86.ActiveCfg = Release|Any CPU
		{DEBAC897-7A47-491E-8E16-C69172678055}.Release|x86.Build.0 = Release|Any CPU
	EndGlobalSection
	GlobalSection(SolutionProperties) = preSolution
		HideSolutionNode = FALSE
	EndGlobalSection
	GlobalSection(NestedProjects) = preSolution
		{16DD0337-0E9B-44A9-AC6E-6DE180588EDD} = {0AB3BF05-4346-4AA6-1389-037BE0695223}
		{4CC2078E-C632-42FC-B899-E7420B3C6DE9} = {0AB3BF05-4346-4AA6-1389-037BE0695223}
	EndGlobalSection
EndGlobal
