PODS:
  - Ansight (1.6.1):
    - AnsightCore (= 1.6.1)
    - AnsightPairingQR (= 1.6.1)
    - AnsightToolsClipboard (= 1.6.1)
    - AnsightToolsDatabase (= 1.6.1)
    - AnsightToolsFileDescriptorDiagnostics (= 1.6.1)
    - AnsightToolsFileSystem (= 1.6.1)
    - AnsightToolsPreferences (= 1.6.1)
    - AnsightToolsReflection (= 1.6.1)
    - AnsightToolsSecureStorage (= 1.6.1)
    - AnsightToolsVisualTree (= 1.6.1)
  - ansight_flutter (1.6.1):
    - Ansight (= 1.6.1)
    - FlutterMacOS
  - AnsightCore (1.6.1)
  - AnsightPairingQR (1.6.1):
    - AnsightCore (= 1.6.1)
  - AnsightToolsClipboard (1.6.1):
    - AnsightCore (= 1.6.1)
  - AnsightToolsDatabase (1.6.1):
    - AnsightCore (= 1.6.1)
  - AnsightToolsFileDescriptorDiagnostics (1.6.1):
    - AnsightCore (= 1.6.1)
  - AnsightToolsFileSystem (1.6.1):
    - AnsightCore (= 1.6.1)
  - AnsightToolsPreferences (1.6.1):
    - AnsightCore (= 1.6.1)
  - AnsightToolsReflection (1.6.1):
    - AnsightCore (= 1.6.1)
  - AnsightToolsSecureStorage (1.6.1):
    - AnsightCore (= 1.6.1)
  - AnsightToolsVisualTree (1.6.1):
    - AnsightCore (= 1.6.1)
  - FlutterMacOS (1.0.0)
  - shared_preferences_foundation (0.0.1):
    - Flutter
    - FlutterMacOS
  - sqflite_darwin (0.0.4):
    - Flutter
    - FlutterMacOS

DEPENDENCIES:
  - Ansight (from `../../../ios`)
  - ansight_flutter (from `Flutter/ephemeral/.symlinks/plugins/ansight_flutter/macos`)
  - AnsightCore (from `../../../ios`)
  - AnsightPairingQR (from `../../../ios`)
  - AnsightToolsClipboard (from `../../../ios`)
  - AnsightToolsDatabase (from `../../../ios`)
  - AnsightToolsFileDescriptorDiagnostics (from `../../../ios`)
  - AnsightToolsFileSystem (from `../../../ios`)
  - AnsightToolsPreferences (from `../../../ios`)
  - AnsightToolsReflection (from `../../../ios`)
  - AnsightToolsSecureStorage (from `../../../ios`)
  - AnsightToolsVisualTree (from `../../../ios`)
  - FlutterMacOS (from `Flutter/ephemeral`)
  - shared_preferences_foundation (from `Flutter/ephemeral/.symlinks/plugins/shared_preferences_foundation/darwin`)
  - sqflite_darwin (from `Flutter/ephemeral/.symlinks/plugins/sqflite_darwin/darwin`)

EXTERNAL SOURCES:
  Ansight:
    :path: "../../../ios"
  ansight_flutter:
    :path: Flutter/ephemeral/.symlinks/plugins/ansight_flutter/macos
  AnsightCore:
    :path: "../../../ios"
  AnsightPairingQR:
    :path: "../../../ios"
  AnsightToolsClipboard:
    :path: "../../../ios"
  AnsightToolsDatabase:
    :path: "../../../ios"
  AnsightToolsFileDescriptorDiagnostics:
    :path: "../../../ios"
  AnsightToolsFileSystem:
    :path: "../../../ios"
  AnsightToolsPreferences:
    :path: "../../../ios"
  AnsightToolsReflection:
    :path: "../../../ios"
  AnsightToolsSecureStorage:
    :path: "../../../ios"
  AnsightToolsVisualTree:
    :path: "../../../ios"
  FlutterMacOS:
    :path: Flutter/ephemeral
  shared_preferences_foundation:
    :path: Flutter/ephemeral/.symlinks/plugins/shared_preferences_foundation/darwin
  sqflite_darwin:
    :path: Flutter/ephemeral/.symlinks/plugins/sqflite_darwin/darwin

SPEC CHECKSUMS:
  Ansight: ac3a9fc4302df5022fe7ee8dc58f55d4d5d6bc60
  ansight_flutter: df9a4e71932864c825f28982addd343530616466
  AnsightCore: d8dd20d12d3743b6c810c1e3fdfddf62b7bd6f2e
  AnsightPairingQR: b7ec4369089a7ff42b86fd94972c9534253aa87e
  AnsightToolsClipboard: 6c91f7c79a81801d47543d661c083c891336847b
  AnsightToolsDatabase: 5ef2a5508f8d9e5ea72efefc49c2d02d589df437
  AnsightToolsFileDescriptorDiagnostics: 1691e377922705498fb67e0bdd78705f4a717c61
  AnsightToolsFileSystem: f5413b7d2143b60dfae21eaa5922aa1186ca1fc3
  AnsightToolsPreferences: 67b767959856519d18934a7e1d7e2b9f4044cf5d
  AnsightToolsReflection: 048cd652c57d4525df28fdf41e3c2a8a8ac96ccc
  AnsightToolsSecureStorage: beccfdf79bfc522af22202aa3d34e2305c0b23fe
  AnsightToolsVisualTree: fdd46eefefc01ce4f43ab4f64c4b32062027a63a
  FlutterMacOS: d0db08ddef1a9af05a5ec4b724367152bb0500b1
  shared_preferences_foundation: 7036424c3d8ec98dfe75ff1667cb0cd531ec82bb
  sqflite_darwin: 20b2a3a3b70e43edae938624ce550a3cbf66a3d0

PODFILE CHECKSUM: 848ac378d03018afb4f5f22395713ede88d16ab2

COCOAPODS: 1.16.2
