PODS:
  - Ansight (1.4.0-preview.1):
    - AnsightCore (= 1.4.0-preview.1)
    - AnsightPairingQR (= 1.4.0-preview.1)
    - AnsightToolsDatabase (= 1.4.0-preview.1)
    - AnsightToolsFileDescriptorDiagnostics (= 1.4.0-preview.1)
    - AnsightToolsFileSystem (= 1.4.0-preview.1)
    - AnsightToolsPreferences (= 1.4.0-preview.1)
    - AnsightToolsReflection (= 1.4.0-preview.1)
    - AnsightToolsSecureStorage (= 1.4.0-preview.1)
    - AnsightToolsVisualTree (= 1.4.0-preview.1)
  - ansight_flutter (1.4.0-preview.1):
    - Ansight (= 1.4.0-preview.1)
    - Flutter
  - AnsightCore (1.4.0-preview.1)
  - AnsightPairingQR (1.4.0-preview.1):
    - AnsightCore (= 1.4.0-preview.1)
  - AnsightToolsDatabase (1.4.0-preview.1):
    - AnsightCore (= 1.4.0-preview.1)
  - AnsightToolsFileDescriptorDiagnostics (1.4.0-preview.1):
    - AnsightCore (= 1.4.0-preview.1)
  - AnsightToolsFileSystem (1.4.0-preview.1):
    - AnsightCore (= 1.4.0-preview.1)
  - AnsightToolsPreferences (1.4.0-preview.1):
    - AnsightCore (= 1.4.0-preview.1)
  - AnsightToolsReflection (1.4.0-preview.1):
    - AnsightCore (= 1.4.0-preview.1)
  - AnsightToolsSecureStorage (1.4.0-preview.1):
    - AnsightCore (= 1.4.0-preview.1)
  - AnsightToolsVisualTree (1.4.0-preview.1):
    - AnsightCore (= 1.4.0-preview.1)
  - Flutter (1.0.0)
  - integration_test (0.0.1):
    - Flutter
  - shared_preferences_foundation (0.0.1):
    - Flutter
    - FlutterMacOS
  - sqflite_darwin (0.0.4):
    - Flutter
    - FlutterMacOS

DEPENDENCIES:
  - Ansight (from `../../../ios`)
  - ansight_flutter (from `.symlinks/plugins/ansight_flutter/ios`)
  - AnsightCore (from `../../../ios`)
  - AnsightPairingQR (from `../../../ios`)
  - AnsightToolsDatabase (from `../../../ios`)
  - AnsightToolsFileDescriptorDiagnostics (from `../../../ios`)
  - AnsightToolsFileSystem (from `../../../ios`)
  - AnsightToolsPreferences (from `../../../ios`)
  - AnsightToolsReflection (from `../../../ios`)
  - AnsightToolsSecureStorage (from `../../../ios`)
  - AnsightToolsVisualTree (from `../../../ios`)
  - Flutter (from `Flutter`)
  - integration_test (from `.symlinks/plugins/integration_test/ios`)
  - shared_preferences_foundation (from `.symlinks/plugins/shared_preferences_foundation/darwin`)
  - sqflite_darwin (from `.symlinks/plugins/sqflite_darwin/darwin`)

EXTERNAL SOURCES:
  Ansight:
    :path: "../../../ios"
  ansight_flutter:
    :path: ".symlinks/plugins/ansight_flutter/ios"
  AnsightCore:
    :path: "../../../ios"
  AnsightPairingQR:
    :path: "../../../ios"
  AnsightToolsDatabase:
    :path: "../../../ios"
  AnsightToolsFileDescriptorDiagnostics:
    :path: "../../../ios"
  AnsightToolsFileSystem:
    :path: "../../../ios"
  AnsightToolsPreferences:
    :path: "../../../ios"
  AnsightToolsReflection:
    :path: "../../../ios"
  AnsightToolsSecureStorage:
    :path: "../../../ios"
  AnsightToolsVisualTree:
    :path: "../../../ios"
  Flutter:
    :path: Flutter
  integration_test:
    :path: ".symlinks/plugins/integration_test/ios"
  shared_preferences_foundation:
    :path: ".symlinks/plugins/shared_preferences_foundation/darwin"
  sqflite_darwin:
    :path: ".symlinks/plugins/sqflite_darwin/darwin"

SPEC CHECKSUMS:
  Ansight: 38da78c39e31b36c0c92aaba0b7da845ef689ac5
  ansight_flutter: 3d45e28dcc4ab7c1c96ed67393d5efb263d2e6b6
  AnsightCore: 9f0ab7eb9c3394f6acf10c18726fa659c710f8d9
  AnsightPairingQR: f83182b43ee353b2ed7da02b298ed14c615444db
  AnsightToolsDatabase: 297fed99f959b185063a1bd383fdc441741e7a6d
  AnsightToolsFileDescriptorDiagnostics: 311a2879124911923e1c07680e80fb215e4b48d5
  AnsightToolsFileSystem: c47bb7f943432e11109bcc2a14d0470e4b461433
  AnsightToolsPreferences: 8f6869e8e3addff03a086036ca6b039d968460ad
  AnsightToolsReflection: b5f7d3b7f0d11657c3742a70d647fcd31261bb3e
  AnsightToolsSecureStorage: 95046c6a17f092bc7a20986368dcd474eab90727
  AnsightToolsVisualTree: ea98945903d4e2dce4cfdf74326f41451128bc03
  Flutter: cabc95a1d2626b1b06e7179b784ebcf0c0cde467
  integration_test: 4a889634ef21a45d28d50d622cf412dc6d9f586e
  shared_preferences_foundation: 7036424c3d8ec98dfe75ff1667cb0cd531ec82bb
  sqflite_darwin: 20b2a3a3b70e43edae938624ce550a3cbf66a3d0

PODFILE CHECKSUM: c8ead8d6ecd1105692ec4fb65353a318e7f448c9

COCOAPODS: 1.16.2
