PODS:
  - Ansight (1.3.0-preview.10):
    - AnsightCore (= 1.3.0-preview.10)
    - AnsightPairingQR (= 1.3.0-preview.10)
    - AnsightToolsDatabase (= 1.3.0-preview.10)
    - AnsightToolsFileDescriptorDiagnostics (= 1.3.0-preview.10)
    - AnsightToolsFileSystem (= 1.3.0-preview.10)
    - AnsightToolsPreferences (= 1.3.0-preview.10)
    - AnsightToolsReflection (= 1.3.0-preview.10)
    - AnsightToolsSecureStorage (= 1.3.0-preview.10)
    - AnsightToolsVisualTree (= 1.3.0-preview.10)
  - ansight_flutter (1.3.0-preview.10):
    - Ansight (= 1.3.0-preview.10)
    - Flutter
  - AnsightCore (1.3.0-preview.10)
  - AnsightPairingQR (1.3.0-preview.10):
    - AnsightCore (= 1.3.0-preview.10)
  - AnsightToolsDatabase (1.3.0-preview.10):
    - AnsightCore (= 1.3.0-preview.10)
  - AnsightToolsFileDescriptorDiagnostics (1.3.0-preview.10):
    - AnsightCore (= 1.3.0-preview.10)
  - AnsightToolsFileSystem (1.3.0-preview.10):
    - AnsightCore (= 1.3.0-preview.10)
  - AnsightToolsPreferences (1.3.0-preview.10):
    - AnsightCore (= 1.3.0-preview.10)
  - AnsightToolsReflection (1.3.0-preview.10):
    - AnsightCore (= 1.3.0-preview.10)
  - AnsightToolsSecureStorage (1.3.0-preview.10):
    - AnsightCore (= 1.3.0-preview.10)
  - AnsightToolsVisualTree (1.3.0-preview.10):
    - AnsightCore (= 1.3.0-preview.10)
  - Flutter (1.0.0)
  - integration_test (0.0.1):
    - Flutter
  - shared_preferences_foundation (0.0.1):
    - Flutter
    - FlutterMacOS
  - sqflite_darwin (0.0.4):
    - Flutter
    - FlutterMacOS

DEPENDENCIES:
  - Ansight (from `../../../ios`)
  - ansight_flutter (from `.symlinks/plugins/ansight_flutter/ios`)
  - AnsightCore (from `../../../ios`)
  - AnsightPairingQR (from `../../../ios`)
  - AnsightToolsDatabase (from `../../../ios`)
  - AnsightToolsFileDescriptorDiagnostics (from `../../../ios`)
  - AnsightToolsFileSystem (from `../../../ios`)
  - AnsightToolsPreferences (from `../../../ios`)
  - AnsightToolsReflection (from `../../../ios`)
  - AnsightToolsSecureStorage (from `../../../ios`)
  - AnsightToolsVisualTree (from `../../../ios`)
  - Flutter (from `Flutter`)
  - integration_test (from `.symlinks/plugins/integration_test/ios`)
  - shared_preferences_foundation (from `.symlinks/plugins/shared_preferences_foundation/darwin`)
  - sqflite_darwin (from `.symlinks/plugins/sqflite_darwin/darwin`)

EXTERNAL SOURCES:
  Ansight:
    :path: "../../../ios"
  ansight_flutter:
    :path: ".symlinks/plugins/ansight_flutter/ios"
  AnsightCore:
    :path: "../../../ios"
  AnsightPairingQR:
    :path: "../../../ios"
  AnsightToolsDatabase:
    :path: "../../../ios"
  AnsightToolsFileDescriptorDiagnostics:
    :path: "../../../ios"
  AnsightToolsFileSystem:
    :path: "../../../ios"
  AnsightToolsPreferences:
    :path: "../../../ios"
  AnsightToolsReflection:
    :path: "../../../ios"
  AnsightToolsSecureStorage:
    :path: "../../../ios"
  AnsightToolsVisualTree:
    :path: "../../../ios"
  Flutter:
    :path: Flutter
  integration_test:
    :path: ".symlinks/plugins/integration_test/ios"
  shared_preferences_foundation:
    :path: ".symlinks/plugins/shared_preferences_foundation/darwin"
  sqflite_darwin:
    :path: ".symlinks/plugins/sqflite_darwin/darwin"

SPEC CHECKSUMS:
  Ansight: 4e1252349b2bac9baf20d1567c4e3aaa34f26383
  ansight_flutter: eab1c7fc2bf264f1aa269fa05441b21e7e54fbaf
  AnsightCore: 0888c21e2c3025bd08d81460350782c8ffc0e419
  AnsightPairingQR: 2b6347e1fc696f89fd1e5510e2250eae6d10647d
  AnsightToolsDatabase: d7b4aa8399ccaeb4758678760317d40c8b983e64
  AnsightToolsFileDescriptorDiagnostics: 43e50ec2704ab6c57692f416dbe585cb0051f410
  AnsightToolsFileSystem: 0a19f73d9e0e514452e56352520ca0d986d4c4b7
  AnsightToolsPreferences: 4d5bc544af4ec1d242dca7fefff740170646ed50
  AnsightToolsReflection: 732b83ec794e61dacd39714209823bf5d07b0b57
  AnsightToolsSecureStorage: 905e461642e82deb49decc0843bbc1c7f028491d
  AnsightToolsVisualTree: 347b35511d323cf5dd556673afe41722854c9d08
  Flutter: cabc95a1d2626b1b06e7179b784ebcf0c0cde467
  integration_test: 4a889634ef21a45d28d50d622cf412dc6d9f586e
  shared_preferences_foundation: 7036424c3d8ec98dfe75ff1667cb0cd531ec82bb
  sqflite_darwin: 20b2a3a3b70e43edae938624ce550a3cbf66a3d0

PODFILE CHECKSUM: c8ead8d6ecd1105692ec4fb65353a318e7f448c9

COCOAPODS: 1.16.2
