PODS:
  - Ansight (1.0.2-preview.7):
    - AnsightCore (= 1.0.2-preview.7)
    - AnsightPairingQR (= 1.0.2-preview.7)
    - AnsightToolsDatabase (= 1.0.2-preview.7)
    - AnsightToolsFileDescriptorDiagnostics (= 1.0.2-preview.7)
    - AnsightToolsFileSystem (= 1.0.2-preview.7)
    - AnsightToolsPreferences (= 1.0.2-preview.7)
    - AnsightToolsReflection (= 1.0.2-preview.7)
    - AnsightToolsSecureStorage (= 1.0.2-preview.7)
    - AnsightToolsVisualTree (= 1.0.2-preview.7)
  - ansight_flutter (1.0.2-preview.7):
    - Ansight (= 1.0.2-preview.7)
    - Flutter
  - AnsightCore (1.0.2-preview.7)
  - AnsightPairingQR (1.0.2-preview.7):
    - AnsightCore (= 1.0.2-preview.7)
  - AnsightToolsDatabase (1.0.2-preview.7):
    - AnsightCore (= 1.0.2-preview.7)
  - AnsightToolsFileDescriptorDiagnostics (1.0.2-preview.7):
    - AnsightCore (= 1.0.2-preview.7)
  - AnsightToolsFileSystem (1.0.2-preview.7):
    - AnsightCore (= 1.0.2-preview.7)
  - AnsightToolsPreferences (1.0.2-preview.7):
    - AnsightCore (= 1.0.2-preview.7)
  - AnsightToolsReflection (1.0.2-preview.7):
    - AnsightCore (= 1.0.2-preview.7)
  - AnsightToolsSecureStorage (1.0.2-preview.7):
    - AnsightCore (= 1.0.2-preview.7)
  - AnsightToolsVisualTree (1.0.2-preview.7):
    - AnsightCore (= 1.0.2-preview.7)
  - Flutter (1.0.0)
  - integration_test (0.0.1):
    - Flutter
  - shared_preferences_foundation (0.0.1):
    - Flutter
    - FlutterMacOS
  - sqflite_darwin (0.0.4):
    - Flutter
    - FlutterMacOS

DEPENDENCIES:
  - ansight_flutter (from `.symlinks/plugins/ansight_flutter/ios`)
  - Flutter (from `Flutter`)
  - integration_test (from `.symlinks/plugins/integration_test/ios`)
  - shared_preferences_foundation (from `.symlinks/plugins/shared_preferences_foundation/darwin`)
  - sqflite_darwin (from `.symlinks/plugins/sqflite_darwin/darwin`)

SPEC REPOS:
  trunk:
    - Ansight
    - AnsightCore
    - AnsightPairingQR
    - AnsightToolsDatabase
    - AnsightToolsFileDescriptorDiagnostics
    - AnsightToolsFileSystem
    - AnsightToolsPreferences
    - AnsightToolsReflection
    - AnsightToolsSecureStorage
    - AnsightToolsVisualTree

EXTERNAL SOURCES:
  ansight_flutter:
    :path: ".symlinks/plugins/ansight_flutter/ios"
  Flutter:
    :path: Flutter
  integration_test:
    :path: ".symlinks/plugins/integration_test/ios"
  shared_preferences_foundation:
    :path: ".symlinks/plugins/shared_preferences_foundation/darwin"
  sqflite_darwin:
    :path: ".symlinks/plugins/sqflite_darwin/darwin"

SPEC CHECKSUMS:
  Ansight: bd3fa6d8e88ee83519f7f6a5f0a020b0a679e83d
  ansight_flutter: 660c6d6258d305f05ef7a3736f5b1af938bedad2
  AnsightCore: b567f0d95a2f37bd624baa097f8c038a1404bef3
  AnsightPairingQR: 9d7ea73aeececc7420b6942ad829df18016afa21
  AnsightToolsDatabase: a42f8704928b320404f794448e7f71fdab279144
  AnsightToolsFileDescriptorDiagnostics: 68b84248b708a4d7a471feb92634b9bf7ea1e866
  AnsightToolsFileSystem: eef59ec39dd827df3612763e17064901a08805e0
  AnsightToolsPreferences: 17073093cf0712fd182693a3d3df3a04cbf17fa8
  AnsightToolsReflection: 359cfe3ee923a4efb9dfe16c342e6b04505c077a
  AnsightToolsSecureStorage: d3e523275d39726067125c941fb792e0645ab9e2
  AnsightToolsVisualTree: 6f97ef57ad7981a1cbdd64b8ea96cb19dbfbb70d
  Flutter: cabc95a1d2626b1b06e7179b784ebcf0c0cde467
  integration_test: 4a889634ef21a45d28d50d622cf412dc6d9f586e
  shared_preferences_foundation: 7036424c3d8ec98dfe75ff1667cb0cd531ec82bb
  sqflite_darwin: 20b2a3a3b70e43edae938624ce550a3cbf66a3d0

PODFILE CHECKSUM: bd1410aefa6a11cd7a91579ef2fded3a0f0949f9

COCOAPODS: 1.16.2
