PODS:
  - Ansight (1.7.0):
    - AnsightAnnotations (= 1.7.0)
    - AnsightCore (= 1.7.0)
    - AnsightMotion (= 1.7.0)
    - AnsightPairingQR (= 1.7.0)
    - AnsightToolsClipboard (= 1.7.0)
    - AnsightToolsDatabase (= 1.7.0)
    - AnsightToolsFileDescriptorDiagnostics (= 1.7.0)
    - AnsightToolsFileSystem (= 1.7.0)
    - AnsightToolsPreferences (= 1.7.0)
    - AnsightToolsReflection (= 1.7.0)
    - AnsightToolsSecureStorage (= 1.7.0)
    - AnsightToolsVisualTree (= 1.7.0)
  - ansight_flutter (1.7.0):
    - Ansight (= 1.7.0)
    - FlutterMacOS
  - AnsightAnnotations (1.7.0):
    - AnsightCore (= 1.7.0)
  - AnsightCore (1.7.0)
  - AnsightMotion (1.7.0):
    - AnsightCore (= 1.7.0)
  - AnsightPairingQR (1.7.0):
    - AnsightCore (= 1.7.0)
  - AnsightToolsClipboard (1.7.0):
    - AnsightCore (= 1.7.0)
  - AnsightToolsDatabase (1.7.0):
    - AnsightCore (= 1.7.0)
  - AnsightToolsFileDescriptorDiagnostics (1.7.0):
    - AnsightCore (= 1.7.0)
  - AnsightToolsFileSystem (1.7.0):
    - AnsightCore (= 1.7.0)
  - AnsightToolsPreferences (1.7.0):
    - AnsightCore (= 1.7.0)
  - AnsightToolsReflection (1.7.0):
    - AnsightCore (= 1.7.0)
  - AnsightToolsSecureStorage (1.7.0):
    - AnsightCore (= 1.7.0)
  - AnsightToolsVisualTree (1.7.0):
    - AnsightCore (= 1.7.0)
  - FlutterMacOS (1.0.0)
  - shared_preferences_foundation (0.0.1):
    - Flutter
    - FlutterMacOS
  - sqflite_darwin (0.0.4):
    - Flutter
    - FlutterMacOS

DEPENDENCIES:
  - Ansight (from `../../../../src/ios`)
  - ansight_flutter (from `Flutter/ephemeral/.symlinks/plugins/ansight_flutter/macos`)
  - AnsightAnnotations (from `../../../../src/ios`)
  - AnsightCore (from `../../../../src/ios`)
  - AnsightMotion (from `../../../../src/ios`)
  - AnsightPairingQR (from `../../../../src/ios`)
  - AnsightToolsClipboard (from `../../../../src/ios`)
  - AnsightToolsDatabase (from `../../../../src/ios`)
  - AnsightToolsFileDescriptorDiagnostics (from `../../../../src/ios`)
  - AnsightToolsFileSystem (from `../../../../src/ios`)
  - AnsightToolsPreferences (from `../../../../src/ios`)
  - AnsightToolsReflection (from `../../../../src/ios`)
  - AnsightToolsSecureStorage (from `../../../../src/ios`)
  - AnsightToolsVisualTree (from `../../../../src/ios`)
  - FlutterMacOS (from `Flutter/ephemeral`)
  - shared_preferences_foundation (from `Flutter/ephemeral/.symlinks/plugins/shared_preferences_foundation/darwin`)
  - sqflite_darwin (from `Flutter/ephemeral/.symlinks/plugins/sqflite_darwin/darwin`)

EXTERNAL SOURCES:
  Ansight:
    :path: "../../../../src/ios"
  ansight_flutter:
    :path: Flutter/ephemeral/.symlinks/plugins/ansight_flutter/macos
  AnsightAnnotations:
    :path: "../../../../src/ios"
  AnsightCore:
    :path: "../../../../src/ios"
  AnsightMotion:
    :path: "../../../../src/ios"
  AnsightPairingQR:
    :path: "../../../../src/ios"
  AnsightToolsClipboard:
    :path: "../../../../src/ios"
  AnsightToolsDatabase:
    :path: "../../../../src/ios"
  AnsightToolsFileDescriptorDiagnostics:
    :path: "../../../../src/ios"
  AnsightToolsFileSystem:
    :path: "../../../../src/ios"
  AnsightToolsPreferences:
    :path: "../../../../src/ios"
  AnsightToolsReflection:
    :path: "../../../../src/ios"
  AnsightToolsSecureStorage:
    :path: "../../../../src/ios"
  AnsightToolsVisualTree:
    :path: "../../../../src/ios"
  FlutterMacOS:
    :path: Flutter/ephemeral
  shared_preferences_foundation:
    :path: Flutter/ephemeral/.symlinks/plugins/shared_preferences_foundation/darwin
  sqflite_darwin:
    :path: Flutter/ephemeral/.symlinks/plugins/sqflite_darwin/darwin

SPEC CHECKSUMS:
  Ansight: 6ab6ffbe8d446616c464927c8d1cb144bcc603f0
  ansight_flutter: 8d706747b0b7430695928225448ae6881b5e2d7a
  AnsightAnnotations: 66b97b1aec0a6188b665d9ec493276a474989d75
  AnsightCore: 6e696406d764282cc0f15a8c4827abc936893bcd
  AnsightMotion: d1567c79c9478974100fe4f45fa02986a2f1c853
  AnsightPairingQR: b76ad3ac7df219b4c5b4ef3e6831c5e8c1b03be1
  AnsightToolsClipboard: b04f42bfe606acc32451ea40623a9aa60f5711bf
  AnsightToolsDatabase: 7add53da04952b071e47656c984380b7a9146d71
  AnsightToolsFileDescriptorDiagnostics: 83c8399bd0a7ae7560d3d5518201864f0dbe2a6a
  AnsightToolsFileSystem: d3159b7196a025b00294bdc0636075f0fe5a27ba
  AnsightToolsPreferences: 34eebba0f88b02dc7e81965d69c9d2a1c96d89fb
  AnsightToolsReflection: 32bbf7801912dca6d04327e148b8be69297587ae
  AnsightToolsSecureStorage: 2be50829f22fd4fd75b4fc4f7c05939a331e9f73
  AnsightToolsVisualTree: d243b7ee00239f4e1283141ebad3cc319f07b4b6
  FlutterMacOS: d0db08ddef1a9af05a5ec4b724367152bb0500b1
  shared_preferences_foundation: 7036424c3d8ec98dfe75ff1667cb0cd531ec82bb
  sqflite_darwin: 20b2a3a3b70e43edae938624ce550a3cbf66a3d0

PODFILE CHECKSUM: ec33bdaa6dadf2d7f8af7e21469e5687f10f45d4

COCOAPODS: 1.16.2
